Microsoft Visual Studio Solution File, Format Version 11.00
# Visual Studio 2008

Project("{E1D1E2E7-D5B3-C264-FD41-65D7400F0B77}") = "S.A.W", "Assembly-CSharp.csproj", "{91BC9421-8582-6B66-CEF5-99C433FD35A2}"
EndProject
Global
	GlobalSection(SolutionConfigurationPlatforms) = preSolution
		Debug|Any CPU = Debug|Any CPU
		Release|Any CPU = Release|Any CPU
	EndGlobalSection
	GlobalSection(ProjectConfigurationPlatforms) = postSolution
		{91BC9421-8582-6B66-CEF5-99C433FD35A2}.Debug|Any CPU.ActiveCfg = Debug|Any CPU
		{91BC9421-8582-6B66-CEF5-99C433FD35A2}.Debug|Any CPU.Build.0 = Debug|Any CPU
		{91BC9421-8582-6B66-CEF5-99C433FD35A2}.Release|Any CPU.ActiveCfg = Release|Any CPU
		{91BC9421-8582-6B66-CEF5-99C433FD35A2}.Release|Any CPU.Build.0 = Release|Any CPU
	EndGlobalSection
	GlobalSection(SolutionProperties) = preSolution
		HideSolutionNode = FALSE
	EndGlobalSection
	GlobalSection(MonoDevelopProperties) = preSolution
		StartupItem = Assembly-CSharp.csproj
	EndGlobalSection
EndGlobal
