
Microsoft Visual Studio Solution File, Format Version 12.00
# Visual Studio 2015
Project("{FAE04EC0-301F-11D3-BF4B-00C04F79EFBC}") = "S.A.W.CSharp", "S.A.W.CSharp.csproj", "{5D08AA27-6868-8146-207D-683F1A13575E}"
EndProject
Global
	GlobalSection(SolutionConfigurationPlatforms) = preSolution
		Debug|Any CPU = Debug|Any CPU
		Release|Any CPU = Release|Any CPU
	EndGlobalSection
	GlobalSection(ProjectConfigurationPlatforms) = postSolution
		{5D08AA27-6868-8146-207D-683F1A13575E}.Debug|Any CPU.ActiveCfg = Debug|Any CPU
		{5D08AA27-6868-8146-207D-683F1A13575E}.Debug|Any CPU.Build.0 = Debug|Any CPU
		{5D08AA27-6868-8146-207D-683F1A13575E}.Release|Any CPU.ActiveCfg = Release|Any CPU
		{5D08AA27-6868-8146-207D-683F1A13575E}.Release|Any CPU.Build.0 = Release|Any CPU
	EndGlobalSection
	GlobalSection(SolutionProperties) = preSolution
		HideSolutionNode = FALSE
	EndGlobalSection
EndGlobal
